lockfileVersion: '6.0'

settings:
  autoInstallPeers: true
  excludeLinksFromLockfile: false

importers:

  .:
    dependencies:
      prettier:
        specifier: ^3.0.2
        version: 3.0.2
    devDependencies:
      turbo:
        specifier: ^1.10.12
        version: 1.10.12

  packages/replkit:
    dependencies:
      '@types/connect':
        specifier: ^3.4.35
        version: 3.4.35
      '@types/cors':
        specifier: ^2.8.13
        version: 2.8.13
      '@types/etag':
        specifier: ^1.8.1
        version: 1.8.1
      '@types/node':
        specifier: ^18.0.6
        version: 18.0.6
      cac:
        specifier: ^6.7.14
        version: 6.7.14
      chokidar:
        specifier: ^3.5.3
        version: 3.5.3
      connect:
        specifier: ^3.7.0
        version: 3.7.0
      connect-history-api-fallback:
        specifier: ^2.0.0
        version: 2.0.0
      cors:
        specifier: ^2.8.5
        version: 2.8.5
      etag:
        specifier: ^1.8.1
        version: 1.8.1
      events:
        specifier: ^3.3.0
        version: 3.3.0
      json5:
        specifier: ^2.2.3
        version: 2.2.3
      launch-editor-middleware:
        specifier: ^2.6.0
        version: 2.6.0
      magic-string:
        specifier: ^0.30.2
        version: 0.30.2
      node-fetch:
        specifier: ^3.2.6
        version: 3.2.6
      picocolors:
        specifier: ^1.0.0
        version: 1.0.0
      picomatch:
        specifier: ^2.3.1
        version: 2.3.1
      react:
        specifier: ^18.2.0
        version: 18.2.0
      react-dom:
        specifier: ^18.2.0
        version: 18.2.0(react@18.2.0)
      rollup:
        specifier: ^3.28.0
        version: 3.28.0
      tsx:
        specifier: ^3.12.7
        version: 3.12.7
      url:
        specifier: ^0.11.1
        version: 0.11.1
      vite:
        specifier: ^4.4.9
        version: 4.4.9(@types/node@18.0.6)
    devDependencies:
      esbuild:
        specifier: ^0.19.2
        version: 0.19.2

  packages/template:
    dependencies:
      '@replit/extensions':
        specifier: ^1.8.0
        version: 1.8.0
      '@replit/extensions-react':
        specifier: ^0.4.1
        version: 0.4.1(@replit/extensions@1.8.0)(react-dom@18.2.0)(react@18.2.0)
      '@replit/replkit':
        specifier: ^0.0.4
        version: 0.0.4
      react:
        specifier: ^18.2.0
        version: 18.2.0
      react-dom:
        specifier: ^18.2.0
        version: 18.2.0(react@18.2.0)

packages:

  /@codemirror/state@6.2.1:
    resolution: {integrity: sha512-RupHSZ8+OjNT38zU9fKH2sv+Dnlr8Eb8sl4NOnnqz95mCFTZUaiRP8Xv5MeeaG0px2b8Bnfe7YGwCV3nsBhbuw==}
    dev: false

  /@esbuild-kit/cjs-loader@2.4.2:
    resolution: {integrity: sha512-BDXFbYOJzT/NBEtp71cvsrGPwGAMGRB/349rwKuoxNSiKjPraNNnlK6MIIabViCjqZugu6j+xeMDlEkWdHHJSg==}
    dependencies:
      '@esbuild-kit/core-utils': 3.1.0
      get-tsconfig: 4.7.0
    dev: false

  /@esbuild-kit/core-utils@3.1.0:
    resolution: {integrity: sha512-Uuk8RpCg/7fdHSceR1M6XbSZFSuMrxcePFuGgyvsBn+u339dk5OeL4jv2EojwTN2st/unJGsVm4qHWjWNmJ/tw==}
    dependencies:
      esbuild: 0.17.19
      source-map-support: 0.5.21
    dev: false

  /@esbuild-kit/esm-loader@2.5.5:
    resolution: {integrity: sha512-Qwfvj/qoPbClxCRNuac1Du01r9gvNOT+pMYtJDapfB1eoGN1YlJ1BixLyL9WVENRx5RXgNLdfYdx/CuswlGhMw==}
    dependencies:
      '@esbuild-kit/core-utils': 3.1.0
      get-tsconfig: 4.7.0
    dev: false

  /@esbuild/android-arm64@0.17.19:
    resolution: {integrity: sha512-KBMWvEZooR7+kzY0BtbTQn0OAYY7CsiydT63pVEaPtVYF0hXbUaOyZog37DKxK7NF3XacBJOpYT4adIJh+avxA==}
    engines: {node: '>=12'}
    cpu: [arm64]
    os: [android]
    requiresBuild: true
    dev: false
    optional: true

  /@esbuild/android-arm64@0.18.20:
    resolution: {integrity: sha512-Nz4rJcchGDtENV0eMKUNa6L12zz2zBDXuhj/Vjh18zGqB44Bi7MBMSXjgunJgjRhCmKOjnPuZp4Mb6OKqtMHLQ==}
    engines: {node: '>=12'}
    cpu: [arm64]
    os: [android]
    requiresBuild: true
    dev: false
    optional: true

  /@esbuild/android-arm64@0.19.2:
    resolution: {integrity: sha512-lsB65vAbe90I/Qe10OjkmrdxSX4UJDjosDgb8sZUKcg3oefEuW2OT2Vozz8ef7wrJbMcmhvCC+hciF8jY/uAkw==}
    engines: {node: '>=12'}
    cpu: [arm64]
    os: [android]
    requiresBuild: true
    dev: true
    optional: true

  /@esbuild/android-arm@0.17.19:
    resolution: {integrity: sha512-rIKddzqhmav7MSmoFCmDIb6e2W57geRsM94gV2l38fzhXMwq7hZoClug9USI2pFRGL06f4IOPHHpFNOkWieR8A==}
    engines: {node: '>=12'}
    cpu: [arm]
    os: [android]
    requiresBuild: true
    dev: false
    optional: true

  /@esbuild/android-arm@0.18.20:
    resolution: {integrity: sha512-fyi7TDI/ijKKNZTUJAQqiG5T7YjJXgnzkURqmGj13C6dCqckZBLdl4h7bkhHt/t0WP+zO9/zwroDvANaOqO5Sw==}
    engines: {node: '>=12'}
    cpu: [arm]
    os: [android]
    requiresBuild: true
    dev: false
    optional: true

  /@esbuild/android-arm@0.19.2:
    resolution: {integrity: sha512-tM8yLeYVe7pRyAu9VMi/Q7aunpLwD139EY1S99xbQkT4/q2qa6eA4ige/WJQYdJ8GBL1K33pPFhPfPdJ/WzT8Q==}
    engines: {node: '>=12'}
    cpu: [arm]
    os: [android]
    requiresBuild: true
    dev: true
    optional: true

  /@esbuild/android-x64@0.17.19:
    resolution: {integrity: sha512-uUTTc4xGNDT7YSArp/zbtmbhO0uEEK9/ETW29Wk1thYUJBz3IVnvgEiEwEa9IeLyvnpKrWK64Utw2bgUmDveww==}
    engines: {node: '>=12'}
    cpu: [x64]
    os: [android]
    requiresBuild: true
    dev: false
    optional: true

  /@esbuild/android-x64@0.18.20:
    resolution: {integrity: sha512-8GDdlePJA8D6zlZYJV/jnrRAi6rOiNaCC/JclcXpB+KIuvfBN4owLtgzY2bsxnx666XjJx2kDPUmnTtR8qKQUg==}
    engines: {node: '>=12'}
    cpu: [x64]
    os: [android]
    requiresBuild: true
    dev: false
    optional: true

  /@esbuild/android-x64@0.19.2:
    resolution: {integrity: sha512-qK/TpmHt2M/Hg82WXHRc/W/2SGo/l1thtDHZWqFq7oi24AjZ4O/CpPSu6ZuYKFkEgmZlFoa7CooAyYmuvnaG8w==}
    engines: {node: '>=12'}
    cpu: [x64]
    os: [android]
    requiresBuild: true
    dev: true
    optional: true

  /@esbuild/darwin-arm64@0.17.19:
    resolution: {integrity: sha512-80wEoCfF/hFKM6WE1FyBHc9SfUblloAWx6FJkFWTWiCoht9Mc0ARGEM47e67W9rI09YoUxJL68WHfDRYEAvOhg==}
    engines: {node: '>=12'}
    cpu: [arm64]
    os: [darwin]
    requiresBuild: true
    dev: false
    optional: true

  /@esbuild/darwin-arm64@0.18.20:
    resolution: {integrity: sha512-bxRHW5kHU38zS2lPTPOyuyTm+S+eobPUnTNkdJEfAddYgEcll4xkT8DB9d2008DtTbl7uJag2HuE5NZAZgnNEA==}
    engines: {node: '>=12'}
    cpu: [arm64]
    os: [darwin]
    requiresBuild: true
    dev: false
    optional: true

  /@esbuild/darwin-arm64@0.19.2:
    resolution: {integrity: sha512-Ora8JokrvrzEPEpZO18ZYXkH4asCdc1DLdcVy8TGf5eWtPO1Ie4WroEJzwI52ZGtpODy3+m0a2yEX9l+KUn0tA==}
    engines: {node: '>=12'}
    cpu: [arm64]
    os: [darwin]
    requiresBuild: true
    dev: true
    optional: true

  /@esbuild/darwin-x64@0.17.19:
    resolution: {integrity: sha512-IJM4JJsLhRYr9xdtLytPLSH9k/oxR3boaUIYiHkAawtwNOXKE8KoU8tMvryogdcT8AU+Bflmh81Xn6Q0vTZbQw==}
    engines: {node: '>=12'}
    cpu: [x64]
    os: [darwin]
    requiresBuild: true
    dev: false
    optional: true

  /@esbuild/darwin-x64@0.18.20:
    resolution: {integrity: sha512-pc5gxlMDxzm513qPGbCbDukOdsGtKhfxD1zJKXjCCcU7ju50O7MeAZ8c4krSJcOIJGFR+qx21yMMVYwiQvyTyQ==}
    engines: {node: '>=12'}
    cpu: [x64]
    os: [darwin]
    requiresBuild: true
    dev: false
    optional: true

  /@esbuild/darwin-x64@0.19.2:
    resolution: {integrity: sha512-tP+B5UuIbbFMj2hQaUr6EALlHOIOmlLM2FK7jeFBobPy2ERdohI4Ka6ZFjZ1ZYsrHE/hZimGuU90jusRE0pwDw==}
    engines: {node: '>=12'}
    cpu: [x64]
    os: [darwin]
    requiresBuild: true
    dev: true
    optional: true

  /@esbuild/freebsd-arm64@0.17.19:
    resolution: {integrity: sha512-pBwbc7DufluUeGdjSU5Si+P3SoMF5DQ/F/UmTSb8HXO80ZEAJmrykPyzo1IfNbAoaqw48YRpv8shwd1NoI0jcQ==}
    engines: {node: '>=12'}
    cpu: [arm64]
    os: [freebsd]
    requiresBuild: true
    dev: false
    optional: true

  /@esbuild/freebsd-arm64@0.18.20:
    resolution: {integrity: sha512-yqDQHy4QHevpMAaxhhIwYPMv1NECwOvIpGCZkECn8w2WFHXjEwrBn3CeNIYsibZ/iZEUemj++M26W3cNR5h+Tw==}
    engines: {node: '>=12'}
    cpu: [arm64]
    os: [freebsd]
    requiresBuild: true
    dev: false
    optional: true

  /@esbuild/freebsd-arm64@0.19.2:
    resolution: {integrity: sha512-YbPY2kc0acfzL1VPVK6EnAlig4f+l8xmq36OZkU0jzBVHcOTyQDhnKQaLzZudNJQyymd9OqQezeaBgkTGdTGeQ==}
    engines: {node: '>=12'}
    cpu: [arm64]
    os: [freebsd]
    requiresBuild: true
    dev: true
    optional: true

  /@esbuild/freebsd-x64@0.17.19:
    resolution: {integrity: sha512-4lu+n8Wk0XlajEhbEffdy2xy53dpR06SlzvhGByyg36qJw6Kpfk7cp45DR/62aPH9mtJRmIyrXAS5UWBrJT6TQ==}
    engines: {node: '>=12'}
    cpu: [x64]
    os: [freebsd]
    requiresBuild: true
    dev: false
    optional: true

  /@esbuild/freebsd-x64@0.18.20:
    resolution: {integrity: sha512-tgWRPPuQsd3RmBZwarGVHZQvtzfEBOreNuxEMKFcd5DaDn2PbBxfwLcj4+aenoh7ctXcbXmOQIn8HI6mCSw5MQ==}
    engines: {node: '>=12'}
    cpu: [x64]
    os: [freebsd]
    requiresBuild: true
    dev: false
    optional: true

  /@esbuild/freebsd-x64@0.19.2:
    resolution: {integrity: sha512-nSO5uZT2clM6hosjWHAsS15hLrwCvIWx+b2e3lZ3MwbYSaXwvfO528OF+dLjas1g3bZonciivI8qKR/Hm7IWGw==}
    engines: {node: '>=12'}
    cpu: [x64]
    os: [freebsd]
    requiresBuild: true
    dev: true
    optional: true

  /@esbuild/linux-arm64@0.17.19:
    resolution: {integrity: sha512-ct1Tg3WGwd3P+oZYqic+YZF4snNl2bsnMKRkb3ozHmnM0dGWuxcPTTntAF6bOP0Sp4x0PjSF+4uHQ1xvxfRKqg==}
    engines: {node: '>=12'}
    cpu: [arm64]
    os: [linux]
    requiresBuild: true
    dev: false
    optional: true

  /@esbuild/linux-arm64@0.18.20:
    resolution: {integrity: sha512-2YbscF+UL7SQAVIpnWvYwM+3LskyDmPhe31pE7/aoTMFKKzIc9lLbyGUpmmb8a8AixOL61sQ/mFh3jEjHYFvdA==}
    engines: {node: '>=12'}
    cpu: [arm64]
    os: [linux]
    requiresBuild: true
    dev: false
    optional: true

  /@esbuild/linux-arm64@0.19.2:
    resolution: {integrity: sha512-ig2P7GeG//zWlU0AggA3pV1h5gdix0MA3wgB+NsnBXViwiGgY77fuN9Wr5uoCrs2YzaYfogXgsWZbm+HGr09xg==}
    engines: {node: '>=12'}
    cpu: [arm64]
    os: [linux]
    requiresBuild: true
    dev: true
    optional: true

  /@esbuild/linux-arm@0.17.19:
    resolution: {integrity: sha512-cdmT3KxjlOQ/gZ2cjfrQOtmhG4HJs6hhvm3mWSRDPtZ/lP5oe8FWceS10JaSJC13GBd4eH/haHnqf7hhGNLerA==}
    engines: {node: '>=12'}
    cpu: [arm]
    os: [linux]
    requiresBuild: true
    dev: false
    optional: true

  /@esbuild/linux-arm@0.18.20:
    resolution: {integrity: sha512-/5bHkMWnq1EgKr1V+Ybz3s1hWXok7mDFUMQ4cG10AfW3wL02PSZi5kFpYKrptDsgb2WAJIvRcDm+qIvXf/apvg==}
    engines: {node: '>=12'}
    cpu: [arm]
    os: [linux]
    requiresBuild: true
    dev: false
    optional: true

  /@esbuild/linux-arm@0.19.2:
    resolution: {integrity: sha512-Odalh8hICg7SOD7XCj0YLpYCEc+6mkoq63UnExDCiRA2wXEmGlK5JVrW50vZR9Qz4qkvqnHcpH+OFEggO3PgTg==}
    engines: {node: '>=12'}
    cpu: [arm]
    os: [linux]
    requiresBuild: true
    dev: true
    optional: true

  /@esbuild/linux-ia32@0.17.19:
    resolution: {integrity: sha512-w4IRhSy1VbsNxHRQpeGCHEmibqdTUx61Vc38APcsRbuVgK0OPEnQ0YD39Brymn96mOx48Y2laBQGqgZ0j9w6SQ==}
    engines: {node: '>=12'}
    cpu: [ia32]
    os: [linux]
    requiresBuild: true
    dev: false
    optional: true

  /@esbuild/linux-ia32@0.18.20:
    resolution: {integrity: sha512-P4etWwq6IsReT0E1KHU40bOnzMHoH73aXp96Fs8TIT6z9Hu8G6+0SHSw9i2isWrD2nbx2qo5yUqACgdfVGx7TA==}
    engines: {node: '>=12'}
    cpu: [ia32]
    os: [linux]
    requiresBuild: true
    dev: false
    optional: true

  /@esbuild/linux-ia32@0.19.2:
    resolution: {integrity: sha512-mLfp0ziRPOLSTek0Gd9T5B8AtzKAkoZE70fneiiyPlSnUKKI4lp+mGEnQXcQEHLJAcIYDPSyBvsUbKUG2ri/XQ==}
    engines: {node: '>=12'}
    cpu: [ia32]
    os: [linux]
    requiresBuild: true
    dev: true
    optional: true

  /@esbuild/linux-loong64@0.17.19:
    resolution: {integrity: sha512-2iAngUbBPMq439a+z//gE+9WBldoMp1s5GWsUSgqHLzLJ9WoZLZhpwWuym0u0u/4XmZ3gpHmzV84PonE+9IIdQ==}
    engines: {node: '>=12'}
    cpu: [loong64]
    os: [linux]
    requiresBuild: true
    dev: false
    optional: true

  /@esbuild/linux-loong64@0.18.20:
    resolution: {integrity: sha512-nXW8nqBTrOpDLPgPY9uV+/1DjxoQ7DoB2N8eocyq8I9XuqJ7BiAMDMf9n1xZM9TgW0J8zrquIb/A7s3BJv7rjg==}
    engines: {node: '>=12'}
    cpu: [loong64]
    os: [linux]
    requiresBuild: true
    dev: false
    optional: true

  /@esbuild/linux-loong64@0.19.2:
    resolution: {integrity: sha512-hn28+JNDTxxCpnYjdDYVMNTR3SKavyLlCHHkufHV91fkewpIyQchS1d8wSbmXhs1fiYDpNww8KTFlJ1dHsxeSw==}
    engines: {node: '>=12'}
    cpu: [loong64]
    os: [linux]
    requiresBuild: true
    dev: true
    optional: true

  /@esbuild/linux-mips64el@0.17.19:
    resolution: {integrity: sha512-LKJltc4LVdMKHsrFe4MGNPp0hqDFA1Wpt3jE1gEyM3nKUvOiO//9PheZZHfYRfYl6AwdTH4aTcXSqBerX0ml4A==}
    engines: {node: '>=12'}
    cpu: [mips64el]
    os: [linux]
    requiresBuild: true
    dev: false
    optional: true

  /@esbuild/linux-mips64el@0.18.20:
    resolution: {integrity: sha512-d5NeaXZcHp8PzYy5VnXV3VSd2D328Zb+9dEq5HE6bw6+N86JVPExrA6O68OPwobntbNJ0pzCpUFZTo3w0GyetQ==}
    engines: {node: '>=12'}
    cpu: [mips64el]
    os: [linux]
    requiresBuild: true
    dev: false
    optional: true

  /@esbuild/linux-mips64el@0.19.2:
    resolution: {integrity: sha512-KbXaC0Sejt7vD2fEgPoIKb6nxkfYW9OmFUK9XQE4//PvGIxNIfPk1NmlHmMg6f25x57rpmEFrn1OotASYIAaTg==}
    engines: {node: '>=12'}
    cpu: [mips64el]
    os: [linux]
    requiresBuild: true
    dev: true
    optional: true

  /@esbuild/linux-ppc64@0.17.19:
    resolution: {integrity: sha512-/c/DGybs95WXNS8y3Ti/ytqETiW7EU44MEKuCAcpPto3YjQbyK3IQVKfF6nbghD7EcLUGl0NbiL5Rt5DMhn5tg==}
    engines: {node: '>=12'}
    cpu: [ppc64]
    os: [linux]
    requiresBuild: true
    dev: false
    optional: true

  /@esbuild/linux-ppc64@0.18.20:
    resolution: {integrity: sha512-WHPyeScRNcmANnLQkq6AfyXRFr5D6N2sKgkFo2FqguP44Nw2eyDlbTdZwd9GYk98DZG9QItIiTlFLHJHjxP3FA==}
    engines: {node: '>=12'}
    cpu: [ppc64]
    os: [linux]
    requiresBuild: true
    dev: false
    optional: true

  /@esbuild/linux-ppc64@0.19.2:
    resolution: {integrity: sha512-dJ0kE8KTqbiHtA3Fc/zn7lCd7pqVr4JcT0JqOnbj4LLzYnp+7h8Qi4yjfq42ZlHfhOCM42rBh0EwHYLL6LEzcw==}
    engines: {node: '>=12'}
    cpu: [ppc64]
    os: [linux]
    requiresBuild: true
    dev: true
    optional: true

  /@esbuild/linux-riscv64@0.17.19:
    resolution: {integrity: sha512-FC3nUAWhvFoutlhAkgHf8f5HwFWUL6bYdvLc/TTuxKlvLi3+pPzdZiFKSWz/PF30TB1K19SuCxDTI5KcqASJqA==}
    engines: {node: '>=12'}
    cpu: [riscv64]
    os: [linux]
    requiresBuild: true
    dev: false
    optional: true

  /@esbuild/linux-riscv64@0.18.20:
    resolution: {integrity: sha512-WSxo6h5ecI5XH34KC7w5veNnKkju3zBRLEQNY7mv5mtBmrP/MjNBCAlsM2u5hDBlS3NGcTQpoBvRzqBcRtpq1A==}
    engines: {node: '>=12'}
    cpu: [riscv64]
    os: [linux]
    requiresBuild: true
    dev: false
    optional: true

  /@esbuild/linux-riscv64@0.19.2:
    resolution: {integrity: sha512-7Z/jKNFufZ/bbu4INqqCN6DDlrmOTmdw6D0gH+6Y7auok2r02Ur661qPuXidPOJ+FSgbEeQnnAGgsVynfLuOEw==}
    engines: {node: '>=12'}
    cpu: [riscv64]
    os: [linux]
    requiresBuild: true
    dev: true
    optional: true

  /@esbuild/linux-s390x@0.17.19:
    resolution: {integrity: sha512-IbFsFbxMWLuKEbH+7sTkKzL6NJmG2vRyy6K7JJo55w+8xDk7RElYn6xvXtDW8HCfoKBFK69f3pgBJSUSQPr+4Q==}
    engines: {node: '>=12'}
    cpu: [s390x]
    os: [linux]
    requiresBuild: true
    dev: false
    optional: true

  /@esbuild/linux-s390x@0.18.20:
    resolution: {integrity: sha512-+8231GMs3mAEth6Ja1iK0a1sQ3ohfcpzpRLH8uuc5/KVDFneH6jtAJLFGafpzpMRO6DzJ6AvXKze9LfFMrIHVQ==}
    engines: {node: '>=12'}
    cpu: [s390x]
    os: [linux]
    requiresBuild: true
    dev: false
    optional: true

  /@esbuild/linux-s390x@0.19.2:
    resolution: {integrity: sha512-U+RinR6aXXABFCcAY4gSlv4CL1oOVvSSCdseQmGO66H+XyuQGZIUdhG56SZaDJQcLmrSfRmx5XZOWyCJPRqS7g==}
    engines: {node: '>=12'}
    cpu: [s390x]
    os: [linux]
    requiresBuild: true
    dev: true
    optional: true

  /@esbuild/linux-x64@0.17.19:
    resolution: {integrity: sha512-68ngA9lg2H6zkZcyp22tsVt38mlhWde8l3eJLWkyLrp4HwMUr3c1s/M2t7+kHIhvMjglIBrFpncX1SzMckomGw==}
    engines: {node: '>=12'}
    cpu: [x64]
    os: [linux]
    requiresBuild: true
    dev: false
    optional: true

  /@esbuild/linux-x64@0.18.20:
    resolution: {integrity: sha512-UYqiqemphJcNsFEskc73jQ7B9jgwjWrSayxawS6UVFZGWrAAtkzjxSqnoclCXxWtfwLdzU+vTpcNYhpn43uP1w==}
    engines: {node: '>=12'}
    cpu: [x64]
    os: [linux]
    requiresBuild: true
    dev: false
    optional: true

  /@esbuild/linux-x64@0.19.2:
    resolution: {integrity: sha512-oxzHTEv6VPm3XXNaHPyUTTte+3wGv7qVQtqaZCrgstI16gCuhNOtBXLEBkBREP57YTd68P0VgDgG73jSD8bwXQ==}
    engines: {node: '>=12'}
    cpu: [x64]
    os: [linux]
    requiresBuild: true
    dev: true
    optional: true

  /@esbuild/netbsd-x64@0.17.19:
    resolution: {integrity: sha512-CwFq42rXCR8TYIjIfpXCbRX0rp1jo6cPIUPSaWwzbVI4aOfX96OXY8M6KNmtPcg7QjYeDmN+DD0Wp3LaBOLf4Q==}
    engines: {node: '>=12'}
    cpu: [x64]
    os: [netbsd]
    requiresBuild: true
    dev: false
    optional: true

  /@esbuild/netbsd-x64@0.18.20:
    resolution: {integrity: sha512-iO1c++VP6xUBUmltHZoMtCUdPlnPGdBom6IrO4gyKPFFVBKioIImVooR5I83nTew5UOYrk3gIJhbZh8X44y06A==}
    engines: {node: '>=12'}
    cpu: [x64]
    os: [netbsd]
    requiresBuild: true
    dev: false
    optional: true

  /@esbuild/netbsd-x64@0.19.2:
    resolution: {integrity: sha512-WNa5zZk1XpTTwMDompZmvQLHszDDDN7lYjEHCUmAGB83Bgs20EMs7ICD+oKeT6xt4phV4NDdSi/8OfjPbSbZfQ==}
    engines: {node: '>=12'}
    cpu: [x64]
    os: [netbsd]
    requiresBuild: true
    dev: true
    optional: true

  /@esbuild/openbsd-x64@0.17.19:
    resolution: {integrity: sha512-cnq5brJYrSZ2CF6c35eCmviIN3k3RczmHz8eYaVlNasVqsNY+JKohZU5MKmaOI+KkllCdzOKKdPs762VCPC20g==}
    engines: {node: '>=12'}
    cpu: [x64]
    os: [openbsd]
    requiresBuild: true
    dev: false
    optional: true

  /@esbuild/openbsd-x64@0.18.20:
    resolution: {integrity: sha512-e5e4YSsuQfX4cxcygw/UCPIEP6wbIL+se3sxPdCiMbFLBWu0eiZOJ7WoD+ptCLrmjZBK1Wk7I6D/I3NglUGOxg==}
    engines: {node: '>=12'}
    cpu: [x64]
    os: [openbsd]
    requiresBuild: true
    dev: false
    optional: true

  /@esbuild/openbsd-x64@0.19.2:
    resolution: {integrity: sha512-S6kI1aT3S++Dedb7vxIuUOb3oAxqxk2Rh5rOXOTYnzN8JzW1VzBd+IqPiSpgitu45042SYD3HCoEyhLKQcDFDw==}
    engines: {node: '>=12'}
    cpu: [x64]
    os: [openbsd]
    requiresBuild: true
    dev: true
    optional: true

  /@esbuild/sunos-x64@0.17.19:
    resolution: {integrity: sha512-vCRT7yP3zX+bKWFeP/zdS6SqdWB8OIpaRq/mbXQxTGHnIxspRtigpkUcDMlSCOejlHowLqII7K2JKevwyRP2rg==}
    engines: {node: '>=12'}
    cpu: [x64]
    os: [sunos]
    requiresBuild: true
    dev: false
    optional: true

  /@esbuild/sunos-x64@0.18.20:
    resolution: {integrity: sha512-kDbFRFp0YpTQVVrqUd5FTYmWo45zGaXe0X8E1G/LKFC0v8x0vWrhOWSLITcCn63lmZIxfOMXtCfti/RxN/0wnQ==}
    engines: {node: '>=12'}
    cpu: [x64]
    os: [sunos]
    requiresBuild: true
    dev: false
    optional: true

  /@esbuild/sunos-x64@0.19.2:
    resolution: {integrity: sha512-VXSSMsmb+Z8LbsQGcBMiM+fYObDNRm8p7tkUDMPG/g4fhFX5DEFmjxIEa3N8Zr96SjsJ1woAhF0DUnS3MF3ARw==}
    engines: {node: '>=12'}
    cpu: [x64]
    os: [sunos]
    requiresBuild: true
    dev: true
    optional: true

  /@esbuild/win32-arm64@0.17.19:
    resolution: {integrity: sha512-yYx+8jwowUstVdorcMdNlzklLYhPxjniHWFKgRqH7IFlUEa0Umu3KuYplf1HUZZ422e3NU9F4LGb+4O0Kdcaag==}
    engines: {node: '>=12'}
    cpu: [arm64]
    os: [win32]
    requiresBuild: true
    dev: false
    optional: true

  /@esbuild/win32-arm64@0.18.20:
    resolution: {integrity: sha512-ddYFR6ItYgoaq4v4JmQQaAI5s7npztfV4Ag6NrhiaW0RrnOXqBkgwZLofVTlq1daVTQNhtI5oieTvkRPfZrePg==}
    engines: {node: '>=12'}
    cpu: [arm64]
    os: [win32]
    requiresBuild: true
    dev: false
    optional: true

  /@esbuild/win32-arm64@0.19.2:
    resolution: {integrity: sha512-5NayUlSAyb5PQYFAU9x3bHdsqB88RC3aM9lKDAz4X1mo/EchMIT1Q+pSeBXNgkfNmRecLXA0O8xP+x8V+g/LKg==}
    engines: {node: '>=12'}
    cpu: [arm64]
    os: [win32]
    requiresBuild: true
    dev: true
    optional: true

  /@esbuild/win32-ia32@0.17.19:
    resolution: {integrity: sha512-eggDKanJszUtCdlVs0RB+h35wNlb5v4TWEkq4vZcmVt5u/HiDZrTXe2bWFQUez3RgNHwx/x4sk5++4NSSicKkw==}
    engines: {node: '>=12'}
    cpu: [ia32]
    os: [win32]
    requiresBuild: true
    dev: false
    optional: true

  /@esbuild/win32-ia32@0.18.20:
    resolution: {integrity: sha512-Wv7QBi3ID/rROT08SABTS7eV4hX26sVduqDOTe1MvGMjNd3EjOz4b7zeexIR62GTIEKrfJXKL9LFxTYgkyeu7g==}
    engines: {node: '>=12'}
    cpu: [ia32]
    os: [win32]
    requiresBuild: true
    dev: false
    optional: true

  /@esbuild/win32-ia32@0.19.2:
    resolution: {integrity: sha512-47gL/ek1v36iN0wL9L4Q2MFdujR0poLZMJwhO2/N3gA89jgHp4MR8DKCmwYtGNksbfJb9JoTtbkoe6sDhg2QTA==}
    engines: {node: '>=12'}
    cpu: [ia32]
    os: [win32]
    requiresBuild: true
    dev: true
    optional: true

  /@esbuild/win32-x64@0.17.19:
    resolution: {integrity: sha512-lAhycmKnVOuRYNtRtatQR1LPQf2oYCkRGkSFnseDAKPl8lu5SOsK/e1sXe5a0Pc5kHIHe6P2I/ilntNv2xf3cA==}
    engines: {node: '>=12'}
    cpu: [x64]
    os: [win32]
    requiresBuild: true
    dev: false
    optional: true

  /@esbuild/win32-x64@0.18.20:
    resolution: {integrity: sha512-kTdfRcSiDfQca/y9QIkng02avJ+NCaQvrMejlsB3RRv5sE9rRoeBPISaZpKxHELzRxZyLvNts1P27W3wV+8geQ==}
    engines: {node: '>=12'}
    cpu: [x64]
    os: [win32]
    requiresBuild: true
    dev: false
    optional: true

  /@esbuild/win32-x64@0.19.2:
    resolution: {integrity: sha512-tcuhV7ncXBqbt/Ybf0IyrMcwVOAPDckMK9rXNHtF17UTK18OKLpg08glminN06pt2WCoALhXdLfSPbVvK/6fxw==}
    engines: {node: '>=12'}
    cpu: [x64]
    os: [win32]
    requiresBuild: true
    dev: true
    optional: true

  /@jridgewell/sourcemap-codec@1.4.15:
    resolution: {integrity: sha512-eF2rxCRulEKXHTRiDrDy6erMYWqNw4LPdQ8UQA4huuxaQsVeRPFl2oM8oDGxMFhJUWZf9McpLtJasDDZb/Bpeg==}
    dev: false

  /@noble/curves@1.1.0:
    resolution: {integrity: sha512-091oBExgENk/kGj3AZmtBDMpxQPDtxQABR2B9lb1JbVTs6ytdzZNwvhxQ4MWasRNEzlbEH8jCWFCwhF/Obj5AA==}
    dependencies:
      '@noble/hashes': 1.3.1
    dev: false

  /@noble/hashes@1.3.1:
    resolution: {integrity: sha512-EbqwksQwz9xDRGfDST86whPBgM65E0OH/pCgqW0GBVzO22bNE+NuIbeTb714+IfSjU3aRk47EUvXIb5bTsenKA==}
    engines: {node: '>= 16'}
    dev: false

  /@replit/extensions-react@0.4.1(@replit/extensions@1.8.0)(react-dom@18.2.0)(react@18.2.0):
    resolution: {integrity: sha512-CW+AjoGT8oeu7ZtBRzNRQO0e5nzEBW7KbqmbsOjZvafHc8BjBJ57oHx+nIv6jvP3N82WzktYM86ExdgjUsXRZw==}
    peerDependencies:
      '@replit/extensions': '>=1.x'
      react: '>=17.0.0'
      react-dom: '>=17.0.0'
    dependencies:
      '@replit/extensions': 1.8.0
      '@types/react': 18.2.21
      '@types/react-dom': 18.2.7
      react: 18.2.0
      react-dom: 18.2.0(react@18.2.0)
    dev: false

  /@replit/extensions@1.8.0:
    resolution: {integrity: sha512-LZOABPU5S+r+3/l6/8bChS7lAnqEjfjK+iYjrjaULbUHWtrXvmOLdvJhW6dCN300rlrNK4kz8cCNOvb+KTPV/A==}
    dependencies:
      '@codemirror/state': 6.2.1
      '@noble/curves': 1.1.0
      '@root/asn1': 1.0.0
      b64u-lite: 1.1.0
      comlink: 4.4.1
    dev: false

  /@replit/replkit@0.0.4:
    resolution: {integrity: sha512-inTK+giHcVA9i3Ptz9M5eVzZwNGGaZAcx5rPrsxTZT/0KS5yI1anXdgVbpglQUCChXMr/erAacdvTT34xmTnPA==}
    hasBin: true
    dependencies:
      '@types/connect': 3.4.35
      '@types/cors': 2.8.13
      '@types/etag': 1.8.1
      '@types/node': 18.0.6
      cac: 6.7.14
      chokidar: 3.5.3
      connect: 3.7.0
      connect-history-api-fallback: 2.0.0
      cors: 2.8.5
      etag: 1.8.1
      events: 3.3.0
      json5: 2.2.3
      launch-editor-middleware: 2.6.0
      magic-string: 0.30.2
      node-fetch: 3.2.6
      picocolors: 1.0.0
      picomatch: 2.3.1
      react: 18.2.0
      react-dom: 18.2.0(react@18.2.0)
      rollup: 3.28.0
      tsx: 3.12.7
      url: 0.11.1
      vite: 4.4.9(@types/node@18.0.6)
    transitivePeerDependencies:
      - less
      - lightningcss
      - sass
      - stylus
      - sugarss
      - supports-color
      - terser
    dev: false

  /@root/asn1@1.0.0:
    resolution: {integrity: sha512-0lfZNuOULKJDJmdIkP8V9RnbV3XaK6PAHD3swnFy4tZwtlMDzLKoM/dfNad7ut8Hu3r91wy9uK0WA/9zym5mig==}
    dependencies:
      '@root/encoding': 1.0.1
    dev: false

  /@root/encoding@1.0.1:
    resolution: {integrity: sha512-OaEub02ufoU038gy6bsNHQOjIn8nUjGiLcaRmJ40IUykneJkIW5fxDqKxQx48cszuNflYldsJLPPXCrGfHs8yQ==}
    dev: false

  /@types/connect@3.4.35:
    resolution: {integrity: sha512-cdeYyv4KWoEgpBISTxWvqYsVy444DOqehiF3fM3ne10AmJ62RSyNkUnxMJXHQWRQQX2eR94m5y1IZyDwBjV9FQ==}
    dependencies:
      '@types/node': 18.0.6
    dev: false

  /@types/cors@2.8.13:
    resolution: {integrity: sha512-RG8AStHlUiV5ysZQKq97copd2UmVYw3/pRMLefISZ3S1hK104Cwm7iLQ3fTKx+lsUH2CE8FlLaYeEA2LSeqYUA==}
    dependencies:
      '@types/node': 18.0.6
    dev: false

  /@types/etag@1.8.1:
    resolution: {integrity: sha512-bsKkeSqN7HYyYntFRAmzcwx/dKW4Wa+KVMTInANlI72PWLQmOpZu96j0OqHZGArW4VQwCmJPteQlXaUDeOB0WQ==}
    dependencies:
      '@types/node': 18.0.6
    dev: false

  /@types/node@18.0.6:
    resolution: {integrity: sha512-/xUq6H2aQm261exT6iZTMifUySEt4GR5KX8eYyY+C4MSNPqSh9oNIP7tz2GLKTlFaiBbgZNxffoR3CVRG+cljw==}
    dev: false

  /@types/prop-types@15.7.5:
    resolution: {integrity: sha512-JCB8C6SnDoQf0cNycqd/35A7MjcnK+ZTqE7judS6o7utxUCg6imJg3QK2qzHKszlTjcj2cn+NwMB2i96ubpj7w==}
    dev: false

  /@types/react-dom@18.2.7:
    resolution: {integrity: sha512-GRaAEriuT4zp9N4p1i8BDBYmEyfo+xQ3yHjJU4eiK5NDa1RmUZG+unZABUTK4/Ox/M+GaHwb6Ow8rUITrtjszA==}
    dependencies:
      '@types/react': 18.2.21
    dev: false

  /@types/react@18.2.21:
    resolution: {integrity: sha512-neFKG/sBAwGxHgXiIxnbm3/AAVQ/cMRS93hvBpg8xYRbeQSPVABp9U2bRnPf0iI4+Ucdv3plSxKK+3CW2ENJxA==}
    dependencies:
      '@types/prop-types': 15.7.5
      '@types/scheduler': 0.16.3
      csstype: 3.1.2
    dev: false

  /@types/scheduler@0.16.3:
    resolution: {integrity: sha512-5cJ8CB4yAx7BH1oMvdU0Jh9lrEXyPkar6F9G/ERswkCuvP4KQZfZkSjcMbAICCpQTN4OuZn8tz0HiKv9TGZgrQ==}
    dev: false

  /anymatch@3.1.3:
    resolution: {integrity: sha512-KMReFUr0B4t+D+OBkjR3KYqvocp2XaSzO55UcB6mgQMd3KbcE+mWTyvVV7D/zsdEbNnV6acZUutkiHQXvTr1Rw==}
    engines: {node: '>= 8'}
    dependencies:
      normalize-path: 3.0.0
      picomatch: 2.3.1
    dev: false

  /b64-lite@1.4.0:
    resolution: {integrity: sha512-aHe97M7DXt+dkpa8fHlCcm1CnskAHrJqEfMI0KN7dwqlzml/aUe1AGt6lk51HzrSfVD67xOso84sOpr+0wIe2w==}
    dependencies:
      base-64: 0.1.0
    dev: false

  /b64u-lite@1.1.0:
    resolution: {integrity: sha512-929qWGDVCRph7gQVTC6koHqQIpF4vtVaSbwLltFQo44B1bYUquALswZdBKFfrJCPEnsCOvWkJsPdQYZ/Ukhw8A==}
    dependencies:
      b64-lite: 1.4.0
    dev: false

  /base-64@0.1.0:
    resolution: {integrity: sha512-Y5gU45svrR5tI2Vt/X9GPd3L0HNIKzGu202EjxrXMpuc2V2CiKgemAbUUsqYmZJvPtCXoUKjNZwBJzsNScUbXA==}
    dev: false

  /binary-extensions@2.2.0:
    resolution: {integrity: sha512-jDctJ/IVQbZoJykoeHbhXpOlNBqGNcwXJKJog42E5HDPUwQTSdjCHdihjj0DlnheQ7blbT6dHOafNAiS8ooQKA==}
    engines: {node: '>=8'}
    dev: false

  /braces@3.0.2:
    resolution: {integrity: sha512-b8um+L1RzM3WDSzvhm6gIz1yfTbBt6YTlcEKAvsmqCZZFw46z626lVj9j1yEPW33H5H+lBQpZMP1k8l+78Ha0A==}
    engines: {node: '>=8'}
    dependencies:
      fill-range: 7.0.1
    dev: false

  /buffer-from@1.1.2:
    resolution: {integrity: sha512-E+XQCRwSbaaiChtv6k6Dwgc+bx+Bs6vuKJHHl5kox/BaKbhiXzqQOwK4cO22yElGp2OCmjwVhT3HmxgyPGnJfQ==}
    dev: false

  /cac@6.7.14:
    resolution: {integrity: sha512-b6Ilus+c3RrdDk+JhLKUAQfzzgLEPy6wcXqS7f/xe1EETvsDP6GORG7SFuOs6cID5YkqchW/LXZbX5bc8j7ZcQ==}
    engines: {node: '>=8'}
    dev: false

  /call-bind@1.0.2:
    resolution: {integrity: sha512-7O+FbCihrB5WGbFYesctwmTKae6rOiIzmz1icreWJ+0aA7LJfuqhEso2T9ncpcFtzMQtzXf2QGGueWJGTYsqrA==}
    dependencies:
      function-bind: 1.1.1
      get-intrinsic: 1.2.1
    dev: false

  /chokidar@3.5.3:
    resolution: {integrity: sha512-Dr3sfKRP6oTcjf2JmUmFJfeVMvXBdegxB0iVQ5eb2V10uFJUCAS8OByZdVAyVb8xXNz3GjjTgj9kLWsZTqE6kw==}
    engines: {node: '>= 8.10.0'}
    dependencies:
      anymatch: 3.1.3
      braces: 3.0.2
      glob-parent: 5.1.2
      is-binary-path: 2.1.0
      is-glob: 4.0.3
      normalize-path: 3.0.0
      readdirp: 3.6.0
    optionalDependencies:
      fsevents: 2.3.2
    dev: false

  /comlink@4.4.1:
    resolution: {integrity: sha512-+1dlx0aY5Jo1vHy/tSsIGpSkN4tS9rZSW8FIhG0JH/crs9wwweswIo/POr451r7bZww3hFbPAKnTpimzL/mm4Q==}
    dev: false

  /connect-history-api-fallback@2.0.0:
    resolution: {integrity: sha512-U73+6lQFmfiNPrYbXqr6kZ1i1wiRqXnp2nhMsINseWXO8lDau0LGEffJ8kQi4EjLZympVgRdvqjAgiZ1tgzDDA==}
    engines: {node: '>=0.8'}
    dev: false

  /connect@3.7.0:
    resolution: {integrity: sha512-ZqRXc+tZukToSNmh5C2iWMSoV3X1YUcPbqEM4DkEG5tNQXrQUZCNVGGv3IuicnkMtPfGf3Xtp8WCXs295iQ1pQ==}
    engines: {node: '>= 0.10.0'}
    dependencies:
      debug: 2.6.9
      finalhandler: 1.1.2
      parseurl: 1.3.3
      utils-merge: 1.0.1
    transitivePeerDependencies:
      - supports-color
    dev: false

  /cors@2.8.5:
    resolution: {integrity: sha512-KIHbLJqu73RGr/hnbrO9uBeixNGuvSQjul/jdFvS/KFSIH1hWVd1ng7zOHx+YrEfInLG7q4n6GHQ9cDtxv/P6g==}
    engines: {node: '>= 0.10'}
    dependencies:
      object-assign: 4.1.1
      vary: 1.1.2
    dev: false

  /csstype@3.1.2:
    resolution: {integrity: sha512-I7K1Uu0MBPzaFKg4nI5Q7Vs2t+3gWWW648spaF+Rg7pI9ds18Ugn+lvg4SHczUdKlHI5LWBXyqfS8+DufyBsgQ==}
    dev: false

  /data-uri-to-buffer@4.0.1:
    resolution: {integrity: sha512-0R9ikRb668HB7QDxT1vkpuUBtqc53YyAwMwGeUFKRojY/NWKvdZ+9UYtRfGmhqNbRkTSVpMbmyhXipFFv2cb/A==}
    engines: {node: '>= 12'}
    dev: false

  /debug@2.6.9:
    resolution: {integrity: sha512-bC7ElrdJaJnPbAP+1EotYvqZsb3ecl5wi6Bfi6BJTUcNowp6cvspg0jXznRTKDjm/E7AdgFBVeAPVMNcKGsHMA==}
    peerDependencies:
      supports-color: '*'
    peerDependenciesMeta:
      supports-color:
        optional: true
    dependencies:
      ms: 2.0.0
    dev: false

  /ee-first@1.1.1:
    resolution: {integrity: sha512-WMwm9LhRUo+WUaRN+vRuETqG89IgZphVSNkdFgeb6sS/E4OrDIN7t48CAewSHXc6C8lefD8KKfr5vY61brQlow==}
    dev: false

  /encodeurl@1.0.2:
    resolution: {integrity: sha512-TPJXq8JqFaVYm2CWmPvnP2Iyo4ZSM7/QKcSmuMLDObfpH5fi7RUGmd/rTDf+rut/saiDiQEeVTNgAmJEdAOx0w==}
    engines: {node: '>= 0.8'}
    dev: false

  /esbuild@0.17.19:
    resolution: {integrity: sha512-XQ0jAPFkK/u3LcVRcvVHQcTIqD6E2H1fvZMA5dQPSOWb3suUbWbfbRf94pjc0bNzRYLfIrDRQXr7X+LHIm5oHw==}
    engines: {node: '>=12'}
    hasBin: true
    requiresBuild: true
    optionalDependencies:
      '@esbuild/android-arm': 0.17.19
      '@esbuild/android-arm64': 0.17.19
      '@esbuild/android-x64': 0.17.19
      '@esbuild/darwin-arm64': 0.17.19
      '@esbuild/darwin-x64': 0.17.19
      '@esbuild/freebsd-arm64': 0.17.19
      '@esbuild/freebsd-x64': 0.17.19
      '@esbuild/linux-arm': 0.17.19
      '@esbuild/linux-arm64': 0.17.19
      '@esbuild/linux-ia32': 0.17.19
      '@esbuild/linux-loong64': 0.17.19
      '@esbuild/linux-mips64el': 0.17.19
      '@esbuild/linux-ppc64': 0.17.19
      '@esbuild/linux-riscv64': 0.17.19
      '@esbuild/linux-s390x': 0.17.19
      '@esbuild/linux-x64': 0.17.19
      '@esbuild/netbsd-x64': 0.17.19
      '@esbuild/openbsd-x64': 0.17.19
      '@esbuild/sunos-x64': 0.17.19
      '@esbuild/win32-arm64': 0.17.19
      '@esbuild/win32-ia32': 0.17.19
      '@esbuild/win32-x64': 0.17.19
    dev: false

  /esbuild@0.18.20:
    resolution: {integrity: sha512-ceqxoedUrcayh7Y7ZX6NdbbDzGROiyVBgC4PriJThBKSVPWnnFHZAkfI1lJT8QFkOwH4qOS2SJkS4wvpGl8BpA==}
    engines: {node: '>=12'}
    hasBin: true
    requiresBuild: true
    optionalDependencies:
      '@esbuild/android-arm': 0.18.20
      '@esbuild/android-arm64': 0.18.20
      '@esbuild/android-x64': 0.18.20
      '@esbuild/darwin-arm64': 0.18.20
      '@esbuild/darwin-x64': 0.18.20
      '@esbuild/freebsd-arm64': 0.18.20
      '@esbuild/freebsd-x64': 0.18.20
      '@esbuild/linux-arm': 0.18.20
      '@esbuild/linux-arm64': 0.18.20
      '@esbuild/linux-ia32': 0.18.20
      '@esbuild/linux-loong64': 0.18.20
      '@esbuild/linux-mips64el': 0.18.20
      '@esbuild/linux-ppc64': 0.18.20
      '@esbuild/linux-riscv64': 0.18.20
      '@esbuild/linux-s390x': 0.18.20
      '@esbuild/linux-x64': 0.18.20
      '@esbuild/netbsd-x64': 0.18.20
      '@esbuild/openbsd-x64': 0.18.20
      '@esbuild/sunos-x64': 0.18.20
      '@esbuild/win32-arm64': 0.18.20
      '@esbuild/win32-ia32': 0.18.20
      '@esbuild/win32-x64': 0.18.20
    dev: false

  /esbuild@0.19.2:
    resolution: {integrity: sha512-G6hPax8UbFakEj3hWO0Vs52LQ8k3lnBhxZWomUJDxfz3rZTLqF5k/FCzuNdLx2RbpBiQQF9H9onlDDH1lZsnjg==}
    engines: {node: '>=12'}
    hasBin: true
    requiresBuild: true
    optionalDependencies:
      '@esbuild/android-arm': 0.19.2
      '@esbuild/android-arm64': 0.19.2
      '@esbuild/android-x64': 0.19.2
      '@esbuild/darwin-arm64': 0.19.2
      '@esbuild/darwin-x64': 0.19.2
      '@esbuild/freebsd-arm64': 0.19.2
      '@esbuild/freebsd-x64': 0.19.2
      '@esbuild/linux-arm': 0.19.2
      '@esbuild/linux-arm64': 0.19.2
      '@esbuild/linux-ia32': 0.19.2
      '@esbuild/linux-loong64': 0.19.2
      '@esbuild/linux-mips64el': 0.19.2
      '@esbuild/linux-ppc64': 0.19.2
      '@esbuild/linux-riscv64': 0.19.2
      '@esbuild/linux-s390x': 0.19.2
      '@esbuild/linux-x64': 0.19.2
      '@esbuild/netbsd-x64': 0.19.2
      '@esbuild/openbsd-x64': 0.19.2
      '@esbuild/sunos-x64': 0.19.2
      '@esbuild/win32-arm64': 0.19.2
      '@esbuild/win32-ia32': 0.19.2
      '@esbuild/win32-x64': 0.19.2
    dev: true

  /escape-html@1.0.3:
    resolution: {integrity: sha512-NiSupZ4OeuGwr68lGIeym/ksIZMJodUGOSCZ/FSnTxcrekbvqrgdUxlJOMpijaKZVjAJrWrGs/6Jy8OMuyj9ow==}
    dev: false

  /etag@1.8.1:
    resolution: {integrity: sha512-aIL5Fx7mawVa300al2BnEE4iNvo1qETxLrPI/o05L7z6go7fCw1J6EQmbK4FmJ2AS7kgVF/KEZWufBfdClMcPg==}
    engines: {node: '>= 0.6'}
    dev: false

  /events@3.3.0:
    resolution: {integrity: sha512-mQw+2fkQbALzQ7V0MY0IqdnXNOeTtP4r0lN9z7AAawCXgqea7bDii20AYrIBrFd/Hx0M2Ocz6S111CaFkUcb0Q==}
    engines: {node: '>=0.8.x'}
    dev: false

  /fetch-blob@3.2.0:
    resolution: {integrity: sha512-7yAQpD2UMJzLi1Dqv7qFYnPbaPx7ZfFK6PiIxQ4PfkGPyNyl2Ugx+a/umUonmKqjhM4DnfbMvdX6otXq83soQQ==}
    engines: {node: ^12.20 || >= 14.13}
    dependencies:
      node-domexception: 1.0.0
      web-streams-polyfill: 3.2.1
    dev: false

  /fill-range@7.0.1:
    resolution: {integrity: sha512-qOo9F+dMUmC2Lcb4BbVvnKJxTPjCm+RRpe4gDuGrzkL7mEVl/djYSu2OdQ2Pa302N4oqkSg9ir6jaLWJ2USVpQ==}
    engines: {node: '>=8'}
    dependencies:
      to-regex-range: 5.0.1
    dev: false

  /finalhandler@1.1.2:
    resolution: {integrity: sha512-aAWcW57uxVNrQZqFXjITpW3sIUQmHGG3qSb9mUah9MgMC4NeWhNOlNjXEYq3HjRAvL6arUviZGGJsBg6z0zsWA==}
    engines: {node: '>= 0.8'}
    dependencies:
      debug: 2.6.9
      encodeurl: 1.0.2
      escape-html: 1.0.3
      on-finished: 2.3.0
      parseurl: 1.3.3
      statuses: 1.5.0
      unpipe: 1.0.0
    transitivePeerDependencies:
      - supports-color
    dev: false

  /formdata-polyfill@4.0.10:
    resolution: {integrity: sha512-buewHzMvYL29jdeQTVILecSaZKnt/RJWjoZCF5OW60Z67/GmSLBkOFM7qh1PI3zFNtJbaZL5eQu1vLfazOwj4g==}
    engines: {node: '>=12.20.0'}
    dependencies:
      fetch-blob: 3.2.0
    dev: false

  /fsevents@2.3.2:
    resolution: {integrity: sha512-xiqMQR4xAeHTuB9uWm+fFRcIOgKBMiOBP+eXiyT7jsgVCq1bkVygt00oASowB7EdtpOHaaPgKt812P9ab+DDKA==}
    engines: {node: ^8.16.0 || ^10.6.0 || >=11.0.0}
    os: [darwin]
    requiresBuild: true
    dev: false
    optional: true

  /function-bind@1.1.1:
    resolution: {integrity: sha512-yIovAzMX49sF8Yl58fSCWJ5svSLuaibPxXQJFLmBObTuCr0Mf1KiPopGM9NiFjiYBCbfaa2Fh6breQ6ANVTI0A==}
    dev: false

  /get-intrinsic@1.2.1:
    resolution: {integrity: sha512-2DcsyfABl+gVHEfCOaTrWgyt+tb6MSEGmKq+kI5HwLbIYgjgmMcV8KQ41uaKz1xxUcn9tJtgFbQUEVcEbd0FYw==}
    dependencies:
      function-bind: 1.1.1
      has: 1.0.3
      has-proto: 1.0.1
      has-symbols: 1.0.3
    dev: false

  /get-tsconfig@4.7.0:
    resolution: {integrity: sha512-pmjiZ7xtB8URYm74PlGJozDNyhvsVLUcpBa8DZBG3bWHwaHa9bPiRpiSfovw+fjhwONSCWKRyk+JQHEGZmMrzw==}
    dependencies:
      resolve-pkg-maps: 1.0.0
    dev: false

  /glob-parent@5.1.2:
    resolution: {integrity: sha512-AOIgSQCepiJYwP3ARnGx+5VnTu2HBYdzbGP45eLw1vr3zB3vZLeyed1sC9hnbcOc9/SrMyM5RPQrkGz4aS9Zow==}
    engines: {node: '>= 6'}
    dependencies:
      is-glob: 4.0.3
    dev: false

  /has-proto@1.0.1:
    resolution: {integrity: sha512-7qE+iP+O+bgF9clE5+UoBFzE65mlBiVj3tKCrlNQ0Ogwm0BjpT/gK4SlLYDMybDh5I3TCTKnPPa0oMG7JDYrhg==}
    engines: {node: '>= 0.4'}
    dev: false

  /has-symbols@1.0.3:
    resolution: {integrity: sha512-l3LCuF6MgDNwTDKkdYGEihYjt5pRPbEg46rtlmnSPlUbgmB8LOIrKJbYYFBSbnPaJexMKtiPO8hmeRjRz2Td+A==}
    engines: {node: '>= 0.4'}
    dev: false

  /has@1.0.3:
    resolution: {integrity: sha512-f2dvO0VU6Oej7RkWJGrehjbzMAjFp5/VKPp5tTpWIV4JHHZK1/BxbFRtf/siA2SWTe09caDmVtYYzWEIbBS4zw==}
    engines: {node: '>= 0.4.0'}
    dependencies:
      function-bind: 1.1.1
    dev: false

  /is-binary-path@2.1.0:
    resolution: {integrity: sha512-ZMERYes6pDydyuGidse7OsHxtbI7WVeUEozgR/g7rd0xUimYNlvZRE/K2MgZTjWy725IfelLeVcEM97mmtRGXw==}
    engines: {node: '>=8'}
    dependencies:
      binary-extensions: 2.2.0
    dev: false

  /is-extglob@2.1.1:
    resolution: {integrity: sha512-SbKbANkN603Vi4jEZv49LeVJMn4yGwsbzZworEoyEiutsN3nJYdbO36zfhGJ6QEDpOZIFkDtnq5JRxmvl3jsoQ==}
    engines: {node: '>=0.10.0'}
    dev: false

  /is-glob@4.0.3:
    resolution: {integrity: sha512-xelSayHH36ZgE7ZWhli7pW34hNbNl8Ojv5KVmkJD4hBdD3th8Tfk9vYasLM+mXWOZhFkgZfxhLSnrwRr4elSSg==}
    engines: {node: '>=0.10.0'}
    dependencies:
      is-extglob: 2.1.1
    dev: false

  /is-number@7.0.0:
    resolution: {integrity: sha512-41Cifkg6e8TylSpdtTpeLVMqvSBEVzTttHvERD741+pnZ8ANv0004MRL43QKPDlK9cGvNp6NZWZUBlbGXYxxng==}
    engines: {node: '>=0.12.0'}
    dev: false

  /js-tokens@4.0.0:
    resolution: {integrity: sha512-RdJUflcE3cUzKiMqQgsCu06FPu9UdIJO0beYbPhHN4k6apgJtifcoCtT9bcxOpYBtpD2kCM6Sbzg4CausW/PKQ==}
    dev: false

  /json5@2.2.3:
    resolution: {integrity: sha512-XmOWe7eyHYH14cLdVPoyg+GOH3rYX++KpzrylJwSW98t3Nk+U8XOl8FWKOgwtzdb8lXGf6zYwDUzeHMWfxasyg==}
    engines: {node: '>=6'}
    hasBin: true
    dev: false

  /launch-editor-middleware@2.6.0:
    resolution: {integrity: sha512-K2yxgljj5TdCeRN1lBtO3/J26+AIDDDw+04y6VAiZbWcTdBwsYN6RrZBnW5DN/QiSIdKNjKdATLUUluWWFYTIA==}
    dependencies:
      launch-editor: 2.6.0
    dev: false

  /launch-editor@2.6.0:
    resolution: {integrity: sha512-JpDCcQnyAAzZZaZ7vEiSqL690w7dAEyLao+KC96zBplnYbJS7TYNjvM3M7y3dGz+v7aIsJk3hllWuc0kWAjyRQ==}
    dependencies:
      picocolors: 1.0.0
      shell-quote: 1.8.1
    dev: false

  /loose-envify@1.4.0:
    resolution: {integrity: sha512-lyuxPGr/Wfhrlem2CL/UcnUc1zcqKAImBDzukY7Y5F/yQiNdko6+fRLevlw1HgMySw7f611UIY408EtxRSoK3Q==}
    hasBin: true
    dependencies:
      js-tokens: 4.0.0
    dev: false

  /magic-string@0.30.2:
    resolution: {integrity: sha512-lNZdu7pewtq/ZvWUp9Wpf/x7WzMTsR26TWV03BRZrXFsv+BI6dy8RAiKgm1uM/kyR0rCfUcqvOlXKG66KhIGug==}
    engines: {node: '>=12'}
    dependencies:
      '@jridgewell/sourcemap-codec': 1.4.15
    dev: false

  /ms@2.0.0:
    resolution: {integrity: sha512-Tpp60P6IUJDTuOq/5Z8cdskzJujfwqfOTkrwIwj7IRISpnkJnT6SyJ4PCPnGMoFjC9ddhal5KVIYtAt97ix05A==}
    dev: false

  /nanoid@3.3.6:
    resolution: {integrity: sha512-BGcqMMJuToF7i1rt+2PWSNVnWIkGCU78jBG3RxO/bZlnZPK2Cmi2QaffxGO/2RvWi9sL+FAiRiXMgsyxQ1DIDA==}
    engines: {node: ^10 || ^12 || ^13.7 || ^14 || >=15.0.1}
    hasBin: true
    dev: false

  /node-domexception@1.0.0:
    resolution: {integrity: sha512-/jKZoMpw0F8GRwl4/eLROPA3cfcXtLApP0QzLmUT/HuPCZWyB7IY9ZrMeKw2O/nFIqPQB3PVM9aYm0F312AXDQ==}
    engines: {node: '>=10.5.0'}
    dev: false

  /node-fetch@3.2.6:
    resolution: {integrity: sha512-LAy/HZnLADOVkVPubaxHDft29booGglPFDr2Hw0J1AercRh01UiVFm++KMDnJeH9sHgNB4hsXPii7Sgym/sTbw==}
    engines: {node: ^12.20.0 || ^14.13.1 || >=16.0.0}
    dependencies:
      data-uri-to-buffer: 4.0.1
      fetch-blob: 3.2.0
      formdata-polyfill: 4.0.10
    dev: false

  /normalize-path@3.0.0:
    resolution: {integrity: sha512-6eZs5Ls3WtCisHWp9S2GUy8dqkpGi4BVSz3GaqiE6ezub0512ESztXUwUB6C6IKbQkY2Pnb/mD4WYojCRwcwLA==}
    engines: {node: '>=0.10.0'}
    dev: false

  /object-assign@4.1.1:
    resolution: {integrity: sha512-rJgTQnkUnH1sFw8yT6VSU3zD3sWmu6sZhIseY8VX+GRu3P6F7Fu+JNDoXfklElbLJSnc3FUQHVe4cU5hj+BcUg==}
    engines: {node: '>=0.10.0'}
    dev: false

  /object-inspect@1.12.3:
    resolution: {integrity: sha512-geUvdk7c+eizMNUDkRpW1wJwgfOiOeHbxBR/hLXK1aT6zmVSO0jsQcs7fj6MGw89jC/cjGfLcNOrtMYtGqm81g==}
    dev: false

  /on-finished@2.3.0:
    resolution: {integrity: sha512-ikqdkGAAyf/X/gPhXGvfgAytDZtDbr+bkNUJ0N9h5MI/dmdgCs3l6hoHrcUv41sRKew3jIwrp4qQDXiK99Utww==}
    engines: {node: '>= 0.8'}
    dependencies:
      ee-first: 1.1.1
    dev: false

  /parseurl@1.3.3:
    resolution: {integrity: sha512-CiyeOxFT/JZyN5m0z9PfXw4SCBJ6Sygz1Dpl0wqjlhDEGGBP1GnsUVEL0p63hoG1fcj3fHynXi9NYO4nWOL+qQ==}
    engines: {node: '>= 0.8'}
    dev: false

  /picocolors@1.0.0:
    resolution: {integrity: sha512-1fygroTLlHu66zi26VoTDv8yRgm0Fccecssto+MhsZ0D/DGW2sm8E8AjW7NU5VVTRt5GxbeZ5qBuJr+HyLYkjQ==}
    dev: false

  /picomatch@2.3.1:
    resolution: {integrity: sha512-JU3teHTNjmE2VCGFzuY8EXzCDVwEqB2a8fsIvwaStHhAWJEeVd1o1QD80CU6+ZdEXXSLbSsuLwJjkCBWqRQUVA==}
    engines: {node: '>=8.6'}
    dev: false

  /postcss@8.4.28:
    resolution: {integrity: sha512-Z7V5j0cq8oEKyejIKfpD8b4eBy9cwW2JWPk0+fB1HOAMsfHbnAXLLS+PfVWlzMSLQaWttKDt607I0XHmpE67Vw==}
    engines: {node: ^10 || ^12 || >=14}
    dependencies:
      nanoid: 3.3.6
      picocolors: 1.0.0
      source-map-js: 1.0.2
    dev: false

  /prettier@3.0.2:
    resolution: {integrity: sha512-o2YR9qtniXvwEZlOKbveKfDQVyqxbEIWn48Z8m3ZJjBjcCmUy3xZGIv+7AkaeuaTr6yPXJjwv07ZWlsWbEy1rQ==}
    engines: {node: '>=14'}
    hasBin: true
    dev: false

  /punycode@1.4.1:
    resolution: {integrity: sha512-jmYNElW7yvO7TV33CjSmvSiE2yco3bV2czu/OzDKdMNVZQWfxCblURLhf+47syQRBntjfLdd/H0egrzIG+oaFQ==}
    dev: false

  /qs@6.11.2:
    resolution: {integrity: sha512-tDNIz22aBzCDxLtVH++VnTfzxlfeK5CbqohpSqpJgj1Wg/cQbStNAz3NuqCs5vV+pjBsK4x4pN9HlVh7rcYRiA==}
    engines: {node: '>=0.6'}
    dependencies:
      side-channel: 1.0.4
    dev: false

  /react-dom@18.2.0(react@18.2.0):
    resolution: {integrity: sha512-6IMTriUmvsjHUjNtEDudZfuDQUoWXVxKHhlEGSk81n4YFS+r/Kl99wXiwlVXtPBtJenozv2P+hxDsw9eA7Xo6g==}
    peerDependencies:
      react: ^18.2.0
    dependencies:
      loose-envify: 1.4.0
      react: 18.2.0
      scheduler: 0.23.0
    dev: false

  /react@18.2.0:
    resolution: {integrity: sha512-/3IjMdb2L9QbBdWiW5e3P2/npwMBaU9mHCSCUzNln0ZCYbcfTsGbTJrU/kGemdH2IWmB2ioZ+zkxtmq6g09fGQ==}
    engines: {node: '>=0.10.0'}
    dependencies:
      loose-envify: 1.4.0
    dev: false

  /readdirp@3.6.0:
    resolution: {integrity: sha512-hOS089on8RduqdbhvQ5Z37A0ESjsqz6qnRcffsMU3495FuTdqSm+7bhJ29JvIOsBDEEnan5DPu9t3To9VRlMzA==}
    engines: {node: '>=8.10.0'}
    dependencies:
      picomatch: 2.3.1
    dev: false

  /resolve-pkg-maps@1.0.0:
    resolution: {integrity: sha512-seS2Tj26TBVOC2NIc2rOe2y2ZO7efxITtLZcGSOnHHNOQ7CkiUBfw0Iw2ck6xkIhPwLhKNLS8BO+hEpngQlqzw==}
    dev: false

  /rollup@3.28.0:
    resolution: {integrity: sha512-d7zhvo1OUY2SXSM6pfNjgD5+d0Nz87CUp4mt8l/GgVP3oBsPwzNvSzyu1me6BSG9JIgWNTVcafIXBIyM8yQ3yw==}
    engines: {node: '>=14.18.0', npm: '>=8.0.0'}
    hasBin: true
    optionalDependencies:
      fsevents: 2.3.2
    dev: false

  /scheduler@0.23.0:
    resolution: {integrity: sha512-CtuThmgHNg7zIZWAXi3AsyIzA3n4xx7aNyjwC2VJldO2LMVDhFK+63xGqq6CsJH4rTAt6/M+N4GhZiDYPx9eUw==}
    dependencies:
      loose-envify: 1.4.0
    dev: false

  /shell-quote@1.8.1:
    resolution: {integrity: sha512-6j1W9l1iAs/4xYBI1SYOVZyFcCis9b4KCLQ8fgAGG07QvzaRLVVRQvAy85yNmmZSjYjg4MWh4gNvlPujU/5LpA==}
    dev: false

  /side-channel@1.0.4:
    resolution: {integrity: sha512-q5XPytqFEIKHkGdiMIrY10mvLRvnQh42/+GoBlFW3b2LXLE2xxJpZFdm94we0BaoV3RwJyGqg5wS7epxTv0Zvw==}
    dependencies:
      call-bind: 1.0.2
      get-intrinsic: 1.2.1
      object-inspect: 1.12.3
    dev: false

  /source-map-js@1.0.2:
    resolution: {integrity: sha512-R0XvVJ9WusLiqTCEiGCmICCMplcCkIwwR11mOSD9CR5u+IXYdiseeEuXCVAjS54zqwkLcPNnmU4OeJ6tUrWhDw==}
    engines: {node: '>=0.10.0'}
    dev: false

  /source-map-support@0.5.21:
    resolution: {integrity: sha512-uBHU3L3czsIyYXKX88fdrGovxdSCoTGDRZ6SYXtSRxLZUzHg5P/66Ht6uoUlHu9EZod+inXhKo3qQgwXUT/y1w==}
    dependencies:
      buffer-from: 1.1.2
      source-map: 0.6.1
    dev: false

  /source-map@0.6.1:
    resolution: {integrity: sha512-UjgapumWlbMhkBgzT7Ykc5YXUT46F0iKu8SGXq0bcwP5dz/h0Plj6enJqjz1Zbq2l5WaqYnrVbwWOWMyF3F47g==}
    engines: {node: '>=0.10.0'}
    dev: false

  /statuses@1.5.0:
    resolution: {integrity: sha512-OpZ3zP+jT1PI7I8nemJX4AKmAX070ZkYPVWV/AaKTJl+tXCTGyVdC1a4SL8RUQYEwk/f34ZX8UTykN68FwrqAA==}
    engines: {node: '>= 0.6'}
    dev: false

  /to-regex-range@5.0.1:
    resolution: {integrity: sha512-65P7iz6X5yEr1cwcgvQxbbIw7Uk3gOy5dIdtZ4rDveLqhrdJP+Li/Hx6tyK0NEb+2GCyneCMJiGqrADCSNk8sQ==}
    engines: {node: '>=8.0'}
    dependencies:
      is-number: 7.0.0
    dev: false

  /tsx@3.12.7:
    resolution: {integrity: sha512-C2Ip+jPmqKd1GWVQDvz/Eyc6QJbGfE7NrR3fx5BpEHMZsEHoIxHL1j+lKdGobr8ovEyqeNkPLSKp6SCSOt7gmw==}
    hasBin: true
    dependencies:
      '@esbuild-kit/cjs-loader': 2.4.2
      '@esbuild-kit/core-utils': 3.1.0
      '@esbuild-kit/esm-loader': 2.5.5
    optionalDependencies:
      fsevents: 2.3.2
    dev: false

  /turbo-darwin-64@1.10.12:
    resolution: {integrity: sha512-vmDfGVPl5/aFenAbOj3eOx3ePNcWVUyZwYr7taRl0ZBbmv2TzjRiFotO4vrKCiTVnbqjQqAFQWY2ugbqCI1kOQ==}
    cpu: [x64]
    os: [darwin]
    requiresBuild: true
    dev: true
    optional: true

  /turbo-darwin-arm64@1.10.12:
    resolution: {integrity: sha512-3JliEESLNX2s7g54SOBqqkqJ7UhcOGkS0ywMr5SNuvF6kWVTbuUq7uBU/sVbGq8RwvK1ONlhPvJne5MUqBCTCQ==}
    cpu: [arm64]
    os: [darwin]
    requiresBuild: true
    dev: true
    optional: true

  /turbo-linux-64@1.10.12:
    resolution: {integrity: sha512-siYhgeX0DidIfHSgCR95b8xPee9enKSOjCzx7EjTLmPqPaCiVebRYvbOIYdQWRqiaKh9yfhUtFmtMOMScUf1gg==}
    cpu: [x64]
    os: [linux]
    requiresBuild: true
    dev: true
    optional: true

  /turbo-linux-arm64@1.10.12:
    resolution: {integrity: sha512-K/ZhvD9l4SslclaMkTiIrnfcACgos79YcAo4kwc8bnMQaKuUeRpM15sxLpZp3xDjDg8EY93vsKyjaOhdFG2UbA==}
    cpu: [arm64]
    os: [linux]
    requiresBuild: true
    dev: true
    optional: true

  /turbo-windows-64@1.10.12:
    resolution: {integrity: sha512-7FSgSwvktWDNOqV65l9AbZwcoueAILeE4L7JvjauNASAjjbuzXGCEq5uN8AQU3U5BOFj4TdXrVmO2dX+lLu8Zg==}
    cpu: [x64]
    os: [win32]
    requiresBuild: true
    dev: true
    optional: true

  /turbo-windows-arm64@1.10.12:
    resolution: {integrity: sha512-gCNXF52dwom1HLY9ry/cneBPOKTBHhzpqhMylcyvJP0vp9zeMQQkt6yjYv+6QdnmELC92CtKNp2FsNZo+z0pyw==}
    cpu: [arm64]
    os: [win32]
    requiresBuild: true
    dev: true
    optional: true

  /turbo@1.10.12:
    resolution: {integrity: sha512-WM3+jTfQWnB9W208pmP4oeehZcC6JQNlydb/ZHMRrhmQa+htGhWLCzd6Q9rLe0MwZLPpSPFV2/bN5egCLyoKjQ==}
    hasBin: true
    requiresBuild: true
    optionalDependencies:
      turbo-darwin-64: 1.10.12
      turbo-darwin-arm64: 1.10.12
      turbo-linux-64: 1.10.12
      turbo-linux-arm64: 1.10.12
      turbo-windows-64: 1.10.12
      turbo-windows-arm64: 1.10.12
    dev: true

  /unpipe@1.0.0:
    resolution: {integrity: sha512-pjy2bYhSsufwWlKwPc+l3cN7+wuJlK6uz0YdJEOlQDbl6jo/YlPi4mb8agUkVC8BF7V8NuzeyPNqRksA3hztKQ==}
    engines: {node: '>= 0.8'}
    dev: false

  /url@0.11.1:
    resolution: {integrity: sha512-rWS3H04/+mzzJkv0eZ7vEDGiQbgquI1fGfOad6zKvgYQi1SzMmhl7c/DdRGxhaWrVH6z0qWITo8rpnxK/RfEhA==}
    dependencies:
      punycode: 1.4.1
      qs: 6.11.2
    dev: false

  /utils-merge@1.0.1:
    resolution: {integrity: sha512-pMZTvIkT1d+TFGvDOqodOclx0QWkkgi6Tdoa8gC8ffGAAqz9pzPTZWAybbsHHoED/ztMtkv/VoYTYyShUn81hA==}
    engines: {node: '>= 0.4.0'}
    dev: false

  /vary@1.1.2:
    resolution: {integrity: sha512-BNGbWLfd0eUPabhkXUVm0j8uuvREyTh5ovRa/dyow/BqAbZJyC+5fU+IzQOzmAKzYqYRAISoRhdQr3eIZ/PXqg==}
    engines: {node: '>= 0.8'}
    dev: false

  /vite@4.4.9(@types/node@18.0.6):
    resolution: {integrity: sha512-2mbUn2LlUmNASWwSCNSJ/EG2HuSRTnVNaydp6vMCm5VIqJsjMfbIWtbH2kDuwUVW5mMUKKZvGPX/rqeqVvv1XA==}
    engines: {node: ^14.18.0 || >=16.0.0}
    hasBin: true
    peerDependencies:
      '@types/node': '>= 14'
      less: '*'
      lightningcss: ^1.21.0
      sass: '*'
      stylus: '*'
      sugarss: '*'
      terser: ^5.4.0
    peerDependenciesMeta:
      '@types/node':
        optional: true
      less:
        optional: true
      lightningcss:
        optional: true
      sass:
        optional: true
      stylus:
        optional: true
      sugarss:
        optional: true
      terser:
        optional: true
    dependencies:
      '@types/node': 18.0.6
      esbuild: 0.18.20
      postcss: 8.4.28
      rollup: 3.28.0
    optionalDependencies:
      fsevents: 2.3.2
    dev: false

  /web-streams-polyfill@3.2.1:
    resolution: {integrity: sha512-e0MO3wdXWKrLbL0DgGnUV7WHVuw9OUvL4hjgnPkIeEvESk74gAITi5G606JtZPp39cd8HA9VQzCIvA49LpPN5Q==}
    engines: {node: '>= 8'}
    dev: false
